{
  "requires": true,
  "lockfileVersion": 1,
  "dependencies": {
    "async": {
      "version": "3.2.2",
      "resolved": "https://registry.npmjs.org/async/-/async-3.2.2.tgz",
      "integrity": "sha512-H0E+qZaDEfx/FY4t7iLRv1W2fFI6+pyCeTw1uN20AQPiwqwM6ojPxHxdLv4z8hi2DtnW9BOckSspLucW7pIE5g=="
    },
    "flask": {
      "version": "0.2.10",
      "resolved": "https://registry.npmjs.org/flask/-/flask-0.2.10.tgz",
      "integrity": "sha1-9fWkLP1YownjfGfAo5YXqBnl4bc="
    }
  }
}
